// !$*UTF8*$!
{
	archiveVersion = 1;
	classes = {
	};
	objectVersion = 46;
	objects = {

/* Begin PBXBuildFile section */
		5718439A1EDFE6FE0076EE54 /* AppDelegate.swift in Sources */ = {isa = PBXBuildFile; fileRef = 571843991EDFE6FE0076EE54 /* AppDelegate.swift */; };
		5718439C1EDFE6FE0076EE54 /* ViewController.swift in Sources */ = {isa = PBXBuildFile; fileRef = 5718439B1EDFE6FE0076EE54 /* ViewController.swift */; };
		5718439F1EDFE6FE0076EE54 /* Main.storyboard in Resources */ = {isa = PBXBuildFile; fileRef = 5718439D1EDFE6FE0076EE54 /* Main.storyboard */; };
		571843A11EDFE6FE0076EE54 /* Assets.xcassets in Resources */ = {isa = PBXBuildFile; fileRef = 571843A01EDFE6FE0076EE54 /* Assets.xcassets */; };
		571843A41EDFE6FE0076EE54 /* LaunchScreen.storyboard in Resources */ = {isa = PBXBuildFile; fileRef = 571843A21EDFE6FE0076EE54 /* LaunchScreen.storyboard */; };
		57D985CE1EE19126000EC907 /* MarkdownViewController.swift in Sources */ = {isa = PBXBuildFile; fileRef = 57D985CD1EE19126000EC907 /* MarkdownViewController.swift */; };
		57D985D11EE1BD81000EC907 /* marked.js in Resources */ = {isa = PBXBuildFile; fileRef = 57D985D01EE1BD81000EC907 /* marked.js */; };
		57D985D31EE1BE79000EC907 /* github-markdown.css in Resources */ = {isa = PBXBuildFile; fileRef = 57D985D21EE1BE79000EC907 /* github-markdown.css */; };
		57D985D51EE1BF25000EC907 /* emojify.min.js in Resources */ = {isa = PBXBuildFile; fileRef = 57D985D41EE1BF25000EC907 /* emojify.min.js */; };
		57D985D71EE1BF82000EC907 /* emojify.min.css in Resources */ = {isa = PBXBuildFile; fileRef = 57D985D61EE1BF82000EC907 /* emojify.min.css */; };
		57D985D91EE1BFBB000EC907 /* md.html in Resources */ = {isa = PBXBuildFile; fileRef = 57D985D81EE1BFBB000EC907 /* md.html */; };
		57EE31D51EE129AE0038D21C /* portfolio.md in Resources */ = {isa = PBXBuildFile; fileRef = 571843AB1EDFE86D0076EE54 /* portfolio.md */; };
		57EE31D81EE12D9D0038D21C /* String+markdown.swift in Sources */ = {isa = PBXBuildFile; fileRef = 57EE31D71EE12D9D0038D21C /* String+markdown.swift */; };
		57EE31DA1EE132880038D21C /* ViewController+TableView.swift in Sources */ = {isa = PBXBuildFile; fileRef = 57EE31D91EE132880038D21C /* ViewController+TableView.swift */; };
/* End PBXBuildFile section */

/* Begin PBXFileReference section */
		571843961EDFE6FE0076EE54 /* markdown-reader.app */ = {isa = PBXFileReference; explicitFileType = wrapper.application; includeInIndex = 0; path = "markdown-reader.app"; sourceTree = BUILT_PRODUCTS_DIR; };
		571843991EDFE6FE0076EE54 /* AppDelegate.swift */ = {isa = PBXFileReference; lastKnownFileType = sourcecode.swift; path = AppDelegate.swift; sourceTree = "<group>"; };
		5718439B1EDFE6FE0076EE54 /* ViewController.swift */ = {isa = PBXFileReference; lastKnownFileType = sourcecode.swift; path = ViewController.swift; sourceTree = "<group>"; };
		5718439E1EDFE6FE0076EE54 /* Base */ = {isa = PBXFileReference; lastKnownFileType = file.storyboard; name = Base; path = Base.lproj/Main.storyboard; sourceTree = "<group>"; };
		571843A01EDFE6FE0076EE54 /* Assets.xcassets */ = {isa = PBXFileReference; lastKnownFileType = folder.assetcatalog; path = Assets.xcassets; sourceTree = "<group>"; };
		571843A31EDFE6FE0076EE54 /* Base */ = {isa = PBXFileReference; lastKnownFileType = file.storyboard; name = Base; path = Base.lproj/LaunchScreen.storyboard; sourceTree = "<group>"; };
		571843A51EDFE6FE0076EE54 /* Info.plist */ = {isa = PBXFileReference; lastKnownFileType = text.plist.xml; path = Info.plist; sourceTree = "<group>"; };
		571843AB1EDFE86D0076EE54 /* portfolio.md */ = {isa = PBXFileReference; fileEncoding = 4; lastKnownFileType = net.daringfireball.markdown; path = portfolio.md; sourceTree = "<group>"; };
		57D985CD1EE19126000EC907 /* MarkdownViewController.swift */ = {isa = PBXFileReference; fileEncoding = 4; lastKnownFileType = sourcecode.swift; path = MarkdownViewController.swift; sourceTree = "<group>"; };
		57D985D01EE1BD81000EC907 /* marked.js */ = {isa = PBXFileReference; fileEncoding = 4; lastKnownFileType = sourcecode.javascript; path = marked.js; sourceTree = "<group>"; };
		57D985D21EE1BE79000EC907 /* github-markdown.css */ = {isa = PBXFileReference; fileEncoding = 4; lastKnownFileType = text.css; path = "github-markdown.css"; sourceTree = "<group>"; };
		57D985D41EE1BF25000EC907 /* emojify.min.js */ = {isa = PBXFileReference; fileEncoding = 4; lastKnownFileType = sourcecode.javascript; path = emojify.min.js; sourceTree = "<group>"; };
		57D985D61EE1BF82000EC907 /* emojify.min.css */ = {isa = PBXFileReference; fileEncoding = 4; lastKnownFileType = text.css; path = emojify.min.css; sourceTree = "<group>"; };
		57D985D81EE1BFBB000EC907 /* md.html */ = {isa = PBXFileReference; fileEncoding = 4; lastKnownFileType = text.html; path = md.html; sourceTree = "<group>"; };
		57EE31D71EE12D9D0038D21C /* String+markdown.swift */ = {isa = PBXFileReference; fileEncoding = 4; lastKnownFileType = sourcecode.swift; path = "String+markdown.swift"; sourceTree = "<group>"; };
		57EE31D91EE132880038D21C /* ViewController+TableView.swift */ = {isa = PBXFileReference; fileEncoding = 4; lastKnownFileType = sourcecode.swift; path = "ViewController+TableView.swift"; sourceTree = "<group>"; };
/* End PBXFileReference section */

/* Begin PBXFrameworksBuildPhase section */
		571843931EDFE6FE0076EE54 /* Frameworks */ = {
			isa = PBXFrameworksBuildPhase;
			buildActionMask = 2147483647;
			files = (
			);
			runOnlyForDeploymentPostprocessing = 0;
		};
/* End PBXFrameworksBuildPhase section */

/* Begin PBXGroup section */
		5718438D1EDFE6FE0076EE54 = {
			isa = PBXGroup;
			children = (
				571843971EDFE6FE0076EE54 /* Products */,
				571843981EDFE6FE0076EE54 /* markdown-reader */,
			);
			sourceTree = "<group>";
		};
		571843971EDFE6FE0076EE54 /* Products */ = {
			isa = PBXGroup;
			children = (
				571843961EDFE6FE0076EE54 /* markdown-reader.app */,
			);
			name = Products;
			sourceTree = "<group>";
		};
		571843981EDFE6FE0076EE54 /* markdown-reader */ = {
			isa = PBXGroup;
			children = (
				57D985CF1EE1BBCD000EC907 /* MarkdownRendering */,
				57EE31D61EE12D7F0038D21C /* Extentension */,
				571843991EDFE6FE0076EE54 /* AppDelegate.swift */,
				571843A01EDFE6FE0076EE54 /* Assets.xcassets */,
				571843A51EDFE6FE0076EE54 /* Info.plist */,
				571843A21EDFE6FE0076EE54 /* LaunchScreen.storyboard */,
				5718439D1EDFE6FE0076EE54 /* Main.storyboard */,
				57EE31D91EE132880038D21C /* ViewController+TableView.swift */,
				5718439B1EDFE6FE0076EE54 /* ViewController.swift */,
				571843AB1EDFE86D0076EE54 /* portfolio.md */,
				57D985CD1EE19126000EC907 /* MarkdownViewController.swift */,
			);
			path = "markdown-reader";
			sourceTree = "<group>";
		};
		57D985CF1EE1BBCD000EC907 /* MarkdownRendering */ = {
			isa = PBXGroup;
			children = (
				57D985D01EE1BD81000EC907 /* marked.js */,
				57D985D21EE1BE79000EC907 /* github-markdown.css */,
				57D985D41EE1BF25000EC907 /* emojify.min.js */,
				57D985D61EE1BF82000EC907 /* emojify.min.css */,
				57D985D81EE1BFBB000EC907 /* md.html */,
			);
			name = MarkdownRendering;
			sourceTree = "<group>";
		};
		57EE31D61EE12D7F0038D21C /* Extentension */ = {
			isa = PBXGroup;
			children = (
				57EE31D71EE12D9D0038D21C /* String+markdown.swift */,
			);
			path = Extentension;
			sourceTree = "<group>";
		};
/* End PBXGroup section */

/* Begin PBXNativeTarget section */
		571843951EDFE6FE0076EE54 /* markdown-reader */ = {
			isa = PBXNativeTarget;
			buildConfigurationList = 571843A81EDFE6FE0076EE54 /* Build configuration list for PBXNativeTarget "markdown-reader" */;
			buildPhases = (
				571843921EDFE6FE0076EE54 /* Sources */,
				571843931EDFE6FE0076EE54 /* Frameworks */,
				571843941EDFE6FE0076EE54 /* Resources */,
			);
			buildRules = (
			);
			dependencies = (
			);
			name = "markdown-reader";
			productName = "markdown-reader";
			productReference = 571843961EDFE6FE0076EE54 /* markdown-reader.app */;
			productType = "com.apple.product-type.application";
		};
/* End PBXNativeTarget section */

/* Begin PBXProject section */
		5718438E1EDFE6FE0076EE54 /* Project object */ = {
			isa = PBXProject;
			attributes = {
				LastSwiftUpdateCheck = 0830;
				LastUpgradeCheck = 0830;
				ORGANIZATIONNAME = "Masaya Hayashi";
				TargetAttributes = {
					571843951EDFE6FE0076EE54 = {
						CreatedOnToolsVersion = 8.3.2;
						DevelopmentTeam = L9A82E54U5;
						ProvisioningStyle = Automatic;
					};
				};
			};
			buildConfigurationList = 571843911EDFE6FE0076EE54 /* Build configuration list for PBXProject "markdown-reader" */;
			compatibilityVersion = "Xcode 3.2";
			developmentRegion = English;
			hasScannedForEncodings = 0;
			knownRegions = (
				en,
				Base,
			);
			mainGroup = 5718438D1EDFE6FE0076EE54;
			productRefGroup = 571843971EDFE6FE0076EE54 /* Products */;
			projectDirPath = "";
			projectRoot = "";
			targets = (
				571843951EDFE6FE0076EE54 /* markdown-reader */,
			);
		};
/* End PBXProject section */

/* Begin PBXResourcesBuildPhase section */
		571843941EDFE6FE0076EE54 /* Resources */ = {
			isa = PBXResourcesBuildPhase;
			buildActionMask = 2147483647;
			files = (
				57D985D91EE1BFBB000EC907 /* md.html in Resources */,
				57EE31D51EE129AE0038D21C /* portfolio.md in Resources */,
				571843A41EDFE6FE0076EE54 /* LaunchScreen.storyboard in Resources */,
				571843A11EDFE6FE0076EE54 /* Assets.xcassets in Resources */,
				57D985D71EE1BF82000EC907 /* emojify.min.css in Resources */,
				57D985D11EE1BD81000EC907 /* marked.js in Resources */,
				57D985D51EE1BF25000EC907 /* emojify.min.js in Resources */,
				5718439F1EDFE6FE0076EE54 /* Main.storyboard in Resources */,
				57D985D31EE1BE79000EC907 /* github-markdown.css in Resources */,
			);
			runOnlyForDeploymentPostprocessing = 0;
		};
/* End PBXResourcesBuildPhase section */

/* Begin PBXSourcesBuildPhase section */
		571843921EDFE6FE0076EE54 /* Sources */ = {
			isa = PBXSourcesBuildPhase;
			buildActionMask = 2147483647;
			files = (
				57EE31D81EE12D9D0038D21C /* String+markdown.swift in Sources */,
				5718439C1EDFE6FE0076EE54 /* ViewController.swift in Sources */,
				57EE31DA1EE132880038D21C /* ViewController+TableView.swift in Sources */,
				57D985CE1EE19126000EC907 /* MarkdownViewController.swift in Sources */,
				5718439A1EDFE6FE0076EE54 /* AppDelegate.swift in Sources */,
			);
			runOnlyForDeploymentPostprocessing = 0;
		};
/* End PBXSourcesBuildPhase section */

/* Begin PBXVariantGroup section */
		5718439D1EDFE6FE0076EE54 /* Main.storyboard */ = {
			isa = PBXVariantGroup;
			children = (
				5718439E1EDFE6FE0076EE54 /* Base */,
			);
			name = Main.storyboard;
			path = .;
			sourceTree = "<group>";
		};
		571843A21EDFE6FE0076EE54 /* LaunchScreen.storyboard */ = {
			isa = PBXVariantGroup;
			children = (
				571843A31EDFE6FE0076EE54 /* Base */,
			);
			name = LaunchScreen.storyboard;
			path = .;
			sourceTree = "<group>";
		};
/* End PBXVariantGroup section */

/* Begin XCBuildConfiguration section */
		571843A61EDFE6FE0076EE54 /* Debug */ = {
			isa = XCBuildConfiguration;
			buildSettings = {
				ALWAYS_SEARCH_USER_PATHS = NO;
				CLANG_ANALYZER_NONNULL = YES;
				CLANG_ANALYZER_NUMBER_OBJECT_CONVERSION = YES_AGGRESSIVE;
				CLANG_CXX_LANGUAGE_STANDARD = "gnu++0x";
				CLANG_CXX_LIBRARY = "libc++";
				CLANG_ENABLE_MODULES = YES;
				CLANG_ENABLE_OBJC_ARC = YES;
				CLANG_WARN_BOOL_CONVERSION = YES;
				CLANG_WARN_CONSTANT_CONVERSION = YES;
				CLANG_WARN_DIRECT_OBJC_ISA_USAGE = YES_ERROR;
				CLANG_WARN_DOCUMENTATION_COMMENTS = YES;
				CLANG_WARN_EMPTY_BODY = YES;
				CLANG_WARN_ENUM_CONVERSION = YES;
				CLANG_WARN_INFINITE_RECURSION = YES;
				CLANG_WARN_INT_CONVERSION = YES;
				CLANG_WARN_OBJC_ROOT_CLASS = YES_ERROR;
				CLANG_WARN_SUSPICIOUS_MOVE = YES;
				CLANG_WARN_UNREACHABLE_CODE = YES;
				CLANG_WARN__DUPLICATE_METHOD_MATCH = YES;
				"CODE_SIGN_IDENTITY[sdk=iphoneos*]" = "iPhone Developer";
				COPY_PHASE_STRIP = NO;
				DEBUG_INFORMATION_FORMAT = dwarf;
				ENABLE_STRICT_OBJC_MSGSEND = YES;
				ENABLE_TESTABILITY = YES;
				GCC_C_LANGUAGE_STANDARD = gnu99;
				GCC_DYNAMIC_NO_PIC = NO;
				GCC_NO_COMMON_BLOCKS = YES;
				GCC_OPTIMIZATION_LEVEL = 0;
				GCC_PREPROCESSOR_DEFINITIONS = (
					"DEBUG=1",
					"$(inherited)",
				);
				GCC_WARN_64_TO_32_BIT_CONVERSION = YES;
				GCC_WARN_ABOUT_RETURN_TYPE = YES_ERROR;
				GCC_WARN_UNDECLARED_SELECTOR = YES;
				GCC_WARN_UNINITIALIZED_AUTOS = YES_AGGRESSIVE;
				GCC_WARN_UNUSED_FUNCTION = YES;
				GCC_WARN_UNUSED_VARIABLE = YES;
				IPHONEOS_DEPLOYMENT_TARGET = 10.3;
				MTL_ENABLE_DEBUG_INFO = YES;
				ONLY_ACTIVE_ARCH = YES;
				SDKROOT = iphoneos;
				SWIFT_ACTIVE_COMPILATION_CONDITIONS = DEBUG;
				SWIFT_OPTIMIZATION_LEVEL = "-Onone";
			};
			name = Debug;
		};
		571843A71EDFE6FE0076EE54 /* Release */ = {
			isa = XCBuildConfiguration;
			buildSettings = {
				ALWAYS_SEARCH_USER_PATHS = NO;
				CLANG_ANALYZER_NONNULL = YES;
				CLANG_ANALYZER_NUMBER_OBJECT_CONVERSION = YES_AGGRESSIVE;
				CLANG_CXX_LANGUAGE_STANDARD = "gnu++0x";
				CLANG_CXX_LIBRARY = "libc++";
				CLANG_ENABLE_MODULES = YES;
				CLANG_ENABLE_OBJC_ARC = YES;
				CLANG_WARN_BOOL_CONVERSION = YES;
				CLANG_WARN_CONSTANT_CONVERSION = YES;
				CLANG_WARN_DIRECT_OBJC_ISA_USAGE = YES_ERROR;
				CLANG_WARN_DOCUMENTATION_COMMENTS = YES;
				CLANG_WARN_EMPTY_BODY = YES;
				CLANG_WARN_ENUM_CONVERSION = YES;
				CLANG_WARN_INFINITE_RECURSION = YES;
				CLANG_WARN_INT_CONVERSION = YES;
				CLANG_WARN_OBJC_ROOT_CLASS = YES_ERROR;
				CLANG_WARN_SUSPICIOUS_MOVE = YES;
				CLANG_WARN_UNREACHABLE_CODE = YES;
				CLANG_WARN__DUPLICATE_METHOD_MATCH = YES;
				"CODE_SIGN_IDENTITY[sdk=iphoneos*]" = "iPhone Developer";
				COPY_PHASE_STRIP = NO;
				DEBUG_INFORMATION_FORMAT = "dwarf-with-dsym";
				ENABLE_NS_ASSERTIONS = NO;
				ENABLE_STRICT_OBJC_MSGSEND = YES;
				GCC_C_LANGUAGE_STANDARD = gnu99;
				GCC_NO_COMMON_BLOCKS = YES;
				GCC_WARN_64_TO_32_BIT_CONVERSION = YES;
				GCC_WARN_ABOUT_RETURN_TYPE = YES_ERROR;
				GCC_WARN_UNDECLARED_SELECTOR = YES;
				GCC_WARN_UNINITIALIZED_AUTOS = YES_AGGRESSIVE;
				GCC_WARN_UNUSED_FUNCTION = YES;
				GCC_WARN_UNUSED_VARIABLE = YES;
				IPHONEOS_DEPLOYMENT_TARGET = 10.3;
				MTL_ENABLE_DEBUG_INFO = NO;
				SDKROOT = iphoneos;
				SWIFT_OPTIMIZATION_LEVEL = "-Owholemodule";
				VALIDATE_PRODUCT = YES;
			};
			name = Release;
		};
		571843A91EDFE6FE0076EE54 /* Debug */ = {
			isa = XCBuildConfiguration;
			buildSettings = {
				ASSETCATALOG_COMPILER_APPICON_NAME = AppIcon;
				DEVELOPMENT_TEAM = L9A82E54U5;
				INFOPLIST_FILE = "markdown-reader/Info.plist";
				LD_RUNPATH_SEARCH_PATHS = "$(inherited) @executable_path/Frameworks";
				PRODUCT_BUNDLE_IDENTIFIER = "com.masayahayashi.markdown-reader";
				PRODUCT_NAME = "$(TARGET_NAME)";
				SWIFT_VERSION = 3.0;
			};
			name = Debug;
		};
		571843AA1EDFE6FE0076EE54 /* Release */ = {
			isa = XCBuildConfiguration;
			buildSettings = {
				ASSETCATALOG_COMPILER_APPICON_NAME = AppIcon;
				DEVELOPMENT_TEAM = L9A82E54U5;
				INFOPLIST_FILE = "markdown-reader/Info.plist";
				LD_RUNPATH_SEARCH_PATHS = "$(inherited) @executable_path/Frameworks";
				PRODUCT_BUNDLE_IDENTIFIER = "com.masayahayashi.markdown-reader";
				PRODUCT_NAME = "$(TARGET_NAME)";
				SWIFT_VERSION = 3.0;
			};
			name = Release;
		};
/* End XCBuildConfiguration section */

/* Begin XCConfigurationList section */
		571843911EDFE6FE0076EE54 /* Build configuration list for PBXProject "markdown-reader" */ = {
			isa = XCConfigurationList;
			buildConfigurations = (
				571843A61EDFE6FE0076EE54 /* Debug */,
				571843A71EDFE6FE0076EE54 /* Release */,
			);
			defaultConfigurationIsVisible = 0;
			defaultConfigurationName = Release;
		};
		571843A81EDFE6FE0076EE54 /* Build configuration list for PBXNativeTarget "markdown-reader" */ = {
			isa = XCConfigurationList;
			buildConfigurations = (
				571843A91EDFE6FE0076EE54 /* Debug */,
				571843AA1EDFE6FE0076EE54 /* Release */,
			);
			defaultConfigurationIsVisible = 0;
			defaultConfigurationName = Release;
		};
/* End XCConfigurationList section */
	};
	rootObject = 5718438E1EDFE6FE0076EE54 /* Project object */;
}
